
Microsoft Visual Studio Solution File, Format Version 12.00
# Visual Studio 14
VisualStudioVersion = 14.0.25420.1
MinimumVisualStudioVersion = 10.0.40219.1
Project("{FAE04EC0-301F-11D3-BF4B-00C04F79EFBC}") = "FuncCalc", "FuncCalc\FuncCalc.csproj", "{9088DB81-E5DE-44A6-B4CE-94944100E4BC}"
EndProject
Project("{FAE04EC0-301F-11D3-BF4B-00C04F79EFBC}") = "FuncCalc.CUI", "FuncCalc.CUI\FuncCalc.CUI.csproj", "{C375B73C-FCF9-4A78-9F53-8CC5ED2926D1}"
EndProject
Project("{FAE04EC0-301F-11D3-BF4B-00C04F79EFBC}") = "FuncCalc.GUI", "FuncCalc.GUI\FuncCalc.GUI.csproj", "{C439575E-2DD2-47C1-BFE7-CDBF750E00CF}"
EndProject
Global
	GlobalSection(SolutionConfigurationPlatforms) = preSolution
		Debug|Any CPU = Debug|Any CPU
		Release|Any CPU = Release|Any CPU
	EndGlobalSection
	GlobalSection(ProjectConfigurationPlatforms) = postSolution
		{9088DB81-E5DE-44A6-B4CE-94944100E4BC}.Debug|Any CPU.ActiveCfg = Debug|Any CPU
		{9088DB81-E5DE-44A6-B4CE-94944100E4BC}.Debug|Any CPU.Build.0 = Debug|Any CPU
		{9088DB81-E5DE-44A6-B4CE-94944100E4BC}.Release|Any CPU.ActiveCfg = Release|Any CPU
		{9088DB81-E5DE-44A6-B4CE-94944100E4BC}.Release|Any CPU.Build.0 = Release|Any CPU
		{C375B73C-FCF9-4A78-9F53-8CC5ED2926D1}.Debug|Any CPU.ActiveCfg = Debug|Any CPU
		{C375B73C-FCF9-4A78-9F53-8CC5ED2926D1}.Debug|Any CPU.Build.0 = Debug|Any CPU
		{C375B73C-FCF9-4A78-9F53-8CC5ED2926D1}.Release|Any CPU.ActiveCfg = Release|Any CPU
		{C375B73C-FCF9-4A78-9F53-8CC5ED2926D1}.Release|Any CPU.Build.0 = Release|Any CPU
		{C439575E-2DD2-47C1-BFE7-CDBF750E00CF}.Debug|Any CPU.ActiveCfg = Debug|Any CPU
		{C439575E-2DD2-47C1-BFE7-CDBF750E00CF}.Debug|Any CPU.Build.0 = Debug|Any CPU
		{C439575E-2DD2-47C1-BFE7-CDBF750E00CF}.Release|Any CPU.ActiveCfg = Release|Any CPU
		{C439575E-2DD2-47C1-BFE7-CDBF750E00CF}.Release|Any CPU.Build.0 = Release|Any CPU
	EndGlobalSection
	GlobalSection(SolutionProperties) = preSolution
		HideSolutionNode = FALSE
	EndGlobalSection
EndGlobal
